
Microsoft Visual Studio Solution File, Format Version 12.00
# Visual Studio Version 17
VisualStudioVersion = 17.0.31717.71
MinimumVisualStudioVersion = 10.0.40219.1
Project("{9A19103F-16F7-4668-BE54-9A1E7A4F7556}") = "BlazorWheelZoomLibrary", "BlazorWheelZoomLibrary\BlazorWheelZoomLibrary.csproj", "{1A9BDB3B-7153-4F24-B12E-689C571933C6}"
EndProject
Project("{9A19103F-16F7-4668-BE54-9A1E7A4F7556}") = "BlazorWheelZoomServer", "BlazorWheelZoomServer\BlazorWheelZoomServer.csproj", "{522EA93F-A45B-4929-BBB7-930FCEDF6FB8}"
EndProject
Global
	GlobalSection(SolutionConfigurationPlatforms) = preSolution
		Debug|Any CPU = Debug|Any CPU
		Release|Any CPU = Release|Any CPU
	EndGlobalSection
	GlobalSection(ProjectConfigurationPlatforms) = postSolution
		{1A9BDB3B-7153-4F24-B12E-689C571933C6}.Debug|Any CPU.ActiveCfg = Debug|Any CPU
		{1A9BDB3B-7153-4F24-B12E-689C571933C6}.Debug|Any CPU.Build.0 = Debug|Any CPU
		{1A9BDB3B-7153-4F24-B12E-689C571933C6}.Release|Any CPU.ActiveCfg = Release|Any CPU
		{1A9BDB3B-7153-4F24-B12E-689C571933C6}.Release|Any CPU.Build.0 = Release|Any CPU
		{522EA93F-A45B-4929-BBB7-930FCEDF6FB8}.Debug|Any CPU.ActiveCfg = Debug|Any CPU
		{522EA93F-A45B-4929-BBB7-930FCEDF6FB8}.Debug|Any CPU.Build.0 = Debug|Any CPU
		{522EA93F-A45B-4929-BBB7-930FCEDF6FB8}.Release|Any CPU.ActiveCfg = Release|Any CPU
		{522EA93F-A45B-4929-BBB7-930FCEDF6FB8}.Release|Any CPU.Build.0 = Release|Any CPU
	EndGlobalSection
	GlobalSection(SolutionProperties) = preSolution
		HideSolutionNode = FALSE
	EndGlobalSection
	GlobalSection(ExtensibilityGlobals) = postSolution
		SolutionGuid = {67B24C77-4C81-42CA-81A4-E7D57E5E319F}
	EndGlobalSection
EndGlobal
